Microsoft Visual Studio Solution File, Format Version 12.00
# Visual Studio Version 17
VisualStudioVersion = 17.0.31611.283
MinimumVisualStudioVersion = 10.0.40219.1
Project("{9A19103F-16F7-4668-BE54-9A1E7A4F7556}") = "MauiBlazorTest.Maui", "MauiBlazorTest.Maui\MauiBlazorTest.Maui.csproj", "{3FC9D4AA-366E-44DE-BAA1-1D2464D297BF}"
EndProject
Project("{9A19103F-16F7-4668-BE54-9A1E7A4F7556}") = "MauiBlazorTest.Blazor.Client", "MauiBlazorTest.Blazor\Client\MauiBlazorTest.Blazor.Client.csproj", "{D4BDA153-847C-4782-ABB8-31919E2B73E3}"
EndProject
Project("{9A19103F-16F7-4668-BE54-9A1E7A4F7556}") = "MauiBlazorTest.Blazor.Server", "MauiBlazorTest.Blazor\Server\MauiBlazorTest.Blazor.Server.csproj", "{6493C847-913E-43D8-87A8-955F713C29EE}"
EndProject
Project("{9A19103F-16F7-4668-BE54-9A1E7A4F7556}") = "MauiBlazorTest.Blazor.Shared", "MauiBlazorTest.Blazor\Shared\MauiBlazorTest.Blazor.Shared.csproj", "{4BBEF958-7704-45DB-8D25-6ABA6FE10AD1}"
EndProject
Project("{9A19103F-16F7-4668-BE54-9A1E7A4F7556}") = "MauiBlazorTest.Blazor.Components", "MauiBlazorTest.Blazor.Components\MauiBlazorTest.Blazor.Components.csproj", "{29E6F54D-8ED6-46D9-873D-D3AB63E3BAAA}"
EndProject
Global
	GlobalSection(SolutionConfigurationPlatforms) = preSolution
		Debug|Any CPU = Debug|Any CPU
		Release|Any CPU = Release|Any CPU
	EndGlobalSection
	GlobalSection(ProjectConfigurationPlatforms) = postSolution
		{3FC9D4AA-366E-44DE-BAA1-1D2464D297BF}.Debug|Any CPU.ActiveCfg = Debug|Any CPU
		{3FC9D4AA-366E-44DE-BAA1-1D2464D297BF}.Debug|Any CPU.Build.0 = Debug|Any CPU
		{3FC9D4AA-366E-44DE-BAA1-1D2464D297BF}.Debug|Any CPU.Deploy.0 = Debug|Any CPU
		{3FC9D4AA-366E-44DE-BAA1-1D2464D297BF}.Release|Any CPU.ActiveCfg = Release|Any CPU
		{3FC9D4AA-366E-44DE-BAA1-1D2464D297BF}.Release|Any CPU.Build.0 = Release|Any CPU
		{3FC9D4AA-366E-44DE-BAA1-1D2464D297BF}.Release|Any CPU.Deploy.0 = Release|Any CPU
		{D4BDA153-847C-4782-ABB8-31919E2B73E3}.Debug|Any CPU.ActiveCfg = Debug|Any CPU
		{D4BDA153-847C-4782-ABB8-31919E2B73E3}.Debug|Any CPU.Build.0 = Debug|Any CPU
		{D4BDA153-847C-4782-ABB8-31919E2B73E3}.Release|Any CPU.ActiveCfg = Release|Any CPU
		{D4BDA153-847C-4782-ABB8-31919E2B73E3}.Release|Any CPU.Build.0 = Release|Any CPU
		{6493C847-913E-43D8-87A8-955F713C29EE}.Debug|Any CPU.ActiveCfg = Debug|Any CPU
		{6493C847-913E-43D8-87A8-955F713C29EE}.Debug|Any CPU.Build.0 = Debug|Any CPU
		{6493C847-913E-43D8-87A8-955F713C29EE}.Release|Any CPU.ActiveCfg = Release|Any CPU
		{6493C847-913E-43D8-87A8-955F713C29EE}.Release|Any CPU.Build.0 = Release|Any CPU
		{4BBEF958-7704-45DB-8D25-6ABA6FE10AD1}.Debug|Any CPU.ActiveCfg = Debug|Any CPU
		{4BBEF958-7704-45DB-8D25-6ABA6FE10AD1}.Debug|Any CPU.Build.0 = Debug|Any CPU
		{4BBEF958-7704-45DB-8D25-6ABA6FE10AD1}.Release|Any CPU.ActiveCfg = Release|Any CPU
		{4BBEF958-7704-45DB-8D25-6ABA6FE10AD1}.Release|Any CPU.Build.0 = Release|Any CPU
		{29E6F54D-8ED6-46D9-873D-D3AB63E3BAAA}.Debug|Any CPU.ActiveCfg = Debug|Any CPU
		{29E6F54D-8ED6-46D9-873D-D3AB63E3BAAA}.Debug|Any CPU.Build.0 = Debug|Any CPU
		{29E6F54D-8ED6-46D9-873D-D3AB63E3BAAA}.Release|Any CPU.ActiveCfg = Release|Any CPU
		{29E6F54D-8ED6-46D9-873D-D3AB63E3BAAA}.Release|Any CPU.Build.0 = Release|Any CPU
	EndGlobalSection
	GlobalSection(SolutionProperties) = preSolution
		HideSolutionNode = FALSE
	EndGlobalSection
	GlobalSection(ExtensibilityGlobals) = postSolution
		SolutionGuid = {61F7FB11-1E47-470C-91E2-47F8143E1572}
	EndGlobalSection
EndGlobal
